
Microsoft Visual Studio Solution File, Format Version 12.00
# Visual Studio Version 17
VisualStudioVersion = 17.13.35931.197
MinimumVisualStudioVersion = 10.0.40219.1
Project("{FAE04EC0-301F-11D3-BF4B-00C04F79EFBC}") = "BlazorSortable", "src\BlazorSortable\BlazorSortable.csproj", "{DC15453B-D50F-4798-AD84-9754673504DB}"
EndProject
Project("{2150E333-8FDC-42A3-9474-1A3956D46DE8}") = "Solution Items", "Solution Items", "{8EC462FD-D22E-90A8-E5CE-7E832BA40C5D}"
	ProjectSection(SolutionItems) = preProject
		.editorconfig = .editorconfig
		.gitattributes = .gitattributes
		.gitignore = .gitignore
		.github\workflows\deploy.yml = .github\workflows\deploy.yml
		icon.png = icon.png
		LICENSE.txt = LICENSE.txt
		README.md = README.md
		.github\workflows\release.yml = .github\workflows\release.yml
	EndProjectSection
EndProject
Project("{FAE04EC0-301F-11D3-BF4B-00C04F79EFBC}") = "BlazorSortableDemo", "samples\BlazorSortableDemo\BlazorSortableDemo.csproj", "{2FE76ABC-E417-4555-94D7-EE6B010F0E31}"
EndProject
Global
	GlobalSection(SolutionConfigurationPlatforms) = preSolution
		Debug|Any CPU = Debug|Any CPU
		Release|Any CPU = Release|Any CPU
	EndGlobalSection
	GlobalSection(ProjectConfigurationPlatforms) = postSolution
		{DC15453B-D50F-4798-AD84-9754673504DB}.Debug|Any CPU.ActiveCfg = Debug|Any CPU
		{DC15453B-D50F-4798-AD84-9754673504DB}.Debug|Any CPU.Build.0 = Debug|Any CPU
		{DC15453B-D50F-4798-AD84-9754673504DB}.Release|Any CPU.ActiveCfg = Release|Any CPU
		{DC15453B-D50F-4798-AD84-9754673504DB}.Release|Any CPU.Build.0 = Release|Any CPU
		{2FE76ABC-E417-4555-94D7-EE6B010F0E31}.Debug|Any CPU.ActiveCfg = Debug|Any CPU
		{2FE76ABC-E417-4555-94D7-EE6B010F0E31}.Debug|Any CPU.Build.0 = Debug|Any CPU
		{2FE76ABC-E417-4555-94D7-EE6B010F0E31}.Release|Any CPU.ActiveCfg = Release|Any CPU
		{2FE76ABC-E417-4555-94D7-EE6B010F0E31}.Release|Any CPU.Build.0 = Release|Any CPU
	EndGlobalSection
	GlobalSection(SolutionProperties) = preSolution
		HideSolutionNode = FALSE
	EndGlobalSection
	GlobalSection(ExtensibilityGlobals) = postSolution
		SolutionGuid = {E93DD9D6-DB2F-47C3-9199-331058BF8CBC}
	EndGlobalSection
EndGlobal
